
Microsoft Visual Studio Solution File, Format Version 12.00
# Visual Studio Version 17
VisualStudioVersion = 17.5.33530.505
MinimumVisualStudioVersion = 10.0.40219.1
Project("{FAE04EC0-301F-11D3-BF4B-00C04F79EFBC}") = "BTC", "BTC\BTC.csproj", "{BB048A25-68B8-4984-BE25-B55E2961F316}"
EndProject
Global
	GlobalSection(SolutionConfigurationPlatforms) = preSolution
		Debug|Any CPU = Debug|Any CPU
		Release|Any CPU = Release|Any CPU
	EndGlobalSection
	GlobalSection(ProjectConfigurationPlatforms) = postSolution
		{BB048A25-68B8-4984-BE25-B55E2961F316}.Debug|Any CPU.ActiveCfg = Debug|Any CPU
		{BB048A25-68B8-4984-BE25-B55E2961F316}.Debug|Any CPU.Build.0 = Debug|Any CPU
		{BB048A25-68B8-4984-BE25-B55E2961F316}.Release|Any CPU.ActiveCfg = Release|Any CPU
		{BB048A25-68B8-4984-BE25-B55E2961F316}.Release|Any CPU.Build.0 = Release|Any CPU
	EndGlobalSection
	GlobalSection(SolutionProperties) = preSolution
		HideSolutionNode = FALSE
	EndGlobalSection
	GlobalSection(ExtensibilityGlobals) = postSolution
		SolutionGuid = {35314BBF-8185-406F-953D-6965176ADB17}
	EndGlobalSection
EndGlobal
